
Microsoft Visual Studio Solution File, Format Version 12.00
# Visual Studio Version 17
VisualStudioVersion = 17.7.34024.191
MinimumVisualStudioVersion = 10.0.40219.1
Project("{FAE04EC0-301F-11D3-BF4B-00C04F79EFBC}") = "ConsoleApp1", "ConsoleApp1\ConsoleApp1.csproj", "{128E07EE-21A8-4E46-A9E9-79E53B463605}"
EndProject
Project("{FAE04EC0-301F-11D3-BF4B-00C04F79EFBC}") = "schumacher", "schumacher\schumacher.csproj", "{7E9FE179-DEFA-437A-8CAA-AB03D8F51713}"
EndProject
Project("{FAE04EC0-301F-11D3-BF4B-00C04F79EFBC}") = "Berek2020", "Berek2020\Berek2020.csproj", "{BAF3B5B0-C3E8-4741-B482-2B20D01A6109}"
EndProject
Project("{FAE04EC0-301F-11D3-BF4B-00C04F79EFBC}") = "ConsoleApp2", "ConsoleApp2\ConsoleApp2.csproj", "{4DDC631D-3A60-4E6A-9901-E85E572C1E51}"
EndProject
Project("{FAE04EC0-301F-11D3-BF4B-00C04F79EFBC}") = "Sikidomokorai", "Sikidomokorai\Sikidomokorai.csproj", "{B07E8798-64B9-4295-9DA3-092867257854}"
EndProject
Project("{FAE04EC0-301F-11D3-BF4B-00C04F79EFBC}") = "WindowsFormsAlapok", "WindowsFormsAlapok\WindowsFormsAlapok.csproj", "{808FE188-D03A-49AF-978F-870DEB70E296}"
EndProject
Project("{FAE04EC0-301F-11D3-BF4B-00C04F79EFBC}") = "iranyitoszam", "iranyitoszam\iranyitoszam.csproj", "{AE603FBB-5C47-461F-BB52-E2BDF2330DD8}"
EndProject
Project("{FAE04EC0-301F-11D3-BF4B-00C04F79EFBC}") = "book", "book\book.csproj", "{084D4722-EB4A-4D3E-A3FC-670AE3A2CABC}"
EndProject
Project("{FAE04EC0-301F-11D3-BF4B-00C04F79EFBC}") = "CarConsole", "CarConsole\CarConsole.csproj", "{799A2CF5-A1F0-4B21-AC6B-DB2857F1876C}"
EndProject
Global
	GlobalSection(SolutionConfigurationPlatforms) = preSolution
		Debug|Any CPU = Debug|Any CPU
		Release|Any CPU = Release|Any CPU
	EndGlobalSection
	GlobalSection(ProjectConfigurationPlatforms) = postSolution
		{128E07EE-21A8-4E46-A9E9-79E53B463605}.Debug|Any CPU.ActiveCfg = Debug|Any CPU
		{128E07EE-21A8-4E46-A9E9-79E53B463605}.Debug|Any CPU.Build.0 = Debug|Any CPU
		{128E07EE-21A8-4E46-A9E9-79E53B463605}.Release|Any CPU.ActiveCfg = Release|Any CPU
		{128E07EE-21A8-4E46-A9E9-79E53B463605}.Release|Any CPU.Build.0 = Release|Any CPU
		{7E9FE179-DEFA-437A-8CAA-AB03D8F51713}.Debug|Any CPU.ActiveCfg = Debug|Any CPU
		{7E9FE179-DEFA-437A-8CAA-AB03D8F51713}.Debug|Any CPU.Build.0 = Debug|Any CPU
		{7E9FE179-DEFA-437A-8CAA-AB03D8F51713}.Release|Any CPU.ActiveCfg = Release|Any CPU
		{7E9FE179-DEFA-437A-8CAA-AB03D8F51713}.Release|Any CPU.Build.0 = Release|Any CPU
		{BAF3B5B0-C3E8-4741-B482-2B20D01A6109}.Debug|Any CPU.ActiveCfg = Debug|Any CPU
		{BAF3B5B0-C3E8-4741-B482-2B20D01A6109}.Debug|Any CPU.Build.0 = Debug|Any CPU
		{BAF3B5B0-C3E8-4741-B482-2B20D01A6109}.Release|Any CPU.ActiveCfg = Release|Any CPU
		{BAF3B5B0-C3E8-4741-B482-2B20D01A6109}.Release|Any CPU.Build.0 = Release|Any CPU
		{4DDC631D-3A60-4E6A-9901-E85E572C1E51}.Debug|Any CPU.ActiveCfg = Debug|Any CPU
		{4DDC631D-3A60-4E6A-9901-E85E572C1E51}.Debug|Any CPU.Build.0 = Debug|Any CPU
		{4DDC631D-3A60-4E6A-9901-E85E572C1E51}.Release|Any CPU.ActiveCfg = Release|Any CPU
		{4DDC631D-3A60-4E6A-9901-E85E572C1E51}.Release|Any CPU.Build.0 = Release|Any CPU
		{B07E8798-64B9-4295-9DA3-092867257854}.Debug|Any CPU.ActiveCfg = Debug|Any CPU
		{B07E8798-64B9-4295-9DA3-092867257854}.Debug|Any CPU.Build.0 = Debug|Any CPU
		{B07E8798-64B9-4295-9DA3-092867257854}.Release|Any CPU.ActiveCfg = Release|Any CPU
		{B07E8798-64B9-4295-9DA3-092867257854}.Release|Any CPU.Build.0 = Release|Any CPU
		{808FE188-D03A-49AF-978F-870DEB70E296}.Debug|Any CPU.ActiveCfg = Debug|Any CPU
		{808FE188-D03A-49AF-978F-870DEB70E296}.Debug|Any CPU.Build.0 = Debug|Any CPU
		{808FE188-D03A-49AF-978F-870DEB70E296}.Release|Any CPU.ActiveCfg = Release|Any CPU
		{808FE188-D03A-49AF-978F-870DEB70E296}.Release|Any CPU.Build.0 = Release|Any CPU
		{AE603FBB-5C47-461F-BB52-E2BDF2330DD8}.Debug|Any CPU.ActiveCfg = Debug|Any CPU
		{AE603FBB-5C47-461F-BB52-E2BDF2330DD8}.Debug|Any CPU.Build.0 = Debug|Any CPU
		{AE603FBB-5C47-461F-BB52-E2BDF2330DD8}.Release|Any CPU.ActiveCfg = Release|Any CPU
		{AE603FBB-5C47-461F-BB52-E2BDF2330DD8}.Release|Any CPU.Build.0 = Release|Any CPU
		{084D4722-EB4A-4D3E-A3FC-670AE3A2CABC}.Debug|Any CPU.ActiveCfg = Debug|Any CPU
		{084D4722-EB4A-4D3E-A3FC-670AE3A2CABC}.Debug|Any CPU.Build.0 = Debug|Any CPU
		{084D4722-EB4A-4D3E-A3FC-670AE3A2CABC}.Release|Any CPU.ActiveCfg = Release|Any CPU
		{084D4722-EB4A-4D3E-A3FC-670AE3A2CABC}.Release|Any CPU.Build.0 = Release|Any CPU
		{799A2CF5-A1F0-4B21-AC6B-DB2857F1876C}.Debug|Any CPU.ActiveCfg = Debug|Any CPU
		{799A2CF5-A1F0-4B21-AC6B-DB2857F1876C}.Debug|Any CPU.Build.0 = Debug|Any CPU
		{799A2CF5-A1F0-4B21-AC6B-DB2857F1876C}.Release|Any CPU.ActiveCfg = Release|Any CPU
		{799A2CF5-A1F0-4B21-AC6B-DB2857F1876C}.Release|Any CPU.Build.0 = Release|Any CPU
	EndGlobalSection
	GlobalSection(SolutionProperties) = preSolution
		HideSolutionNode = FALSE
	EndGlobalSection
	GlobalSection(ExtensibilityGlobals) = postSolution
		SolutionGuid = {59A1075C-CC26-4010-B896-17668FB39575}
	EndGlobalSection
EndGlobal
