
Microsoft Visual Studio Solution File, Format Version 12.00
# Visual Studio Version 17
VisualStudioVersion = 17.7.34024.191
MinimumVisualStudioVersion = 10.0.40219.1
Project("{FAE04EC0-301F-11D3-BF4B-00C04F79EFBC}") = "ConsoleApp1", "ConsoleApp1\ConsoleApp1.csproj", "{128E07EE-21A8-4E46-A9E9-79E53B463605}"
EndProject
Global
	GlobalSection(SolutionConfigurationPlatforms) = preSolution
		Debug|Any CPU = Debug|Any CPU
		Release|Any CPU = Release|Any CPU
	EndGlobalSection
	GlobalSection(ProjectConfigurationPlatforms) = postSolution
		{128E07EE-21A8-4E46-A9E9-79E53B463605}.Debug|Any CPU.ActiveCfg = Debug|Any CPU
		{128E07EE-21A8-4E46-A9E9-79E53B463605}.Debug|Any CPU.Build.0 = Debug|Any CPU
		{128E07EE-21A8-4E46-A9E9-79E53B463605}.Release|Any CPU.ActiveCfg = Release|Any CPU
		{128E07EE-21A8-4E46-A9E9-79E53B463605}.Release|Any CPU.Build.0 = Release|Any CPU
	EndGlobalSection
	GlobalSection(SolutionProperties) = preSolution
		HideSolutionNode = FALSE
	EndGlobalSection
	GlobalSection(ExtensibilityGlobals) = postSolution
		SolutionGuid = {59A1075C-CC26-4010-B896-17668FB39575}
	EndGlobalSection
EndGlobal
